// !$*UTF8*$!
{
	archiveVersion = 1;
	classes = {
	};
	objectVersion = 46;
	objects = {

/* Begin PBXBuildFile section */
		28F9A3E71C93CFB500BB6BEB /* AppDelegate.swift in Sources */ = {isa = PBXBuildFile; fileRef = 28F9A3E61C93CFB500BB6BEB /* AppDelegate.swift */; };
		28F9A3E91C93CFB500BB6BEB /* ViewController.swift in Sources */ = {isa = PBXBuildFile; fileRef = 28F9A3E81C93CFB500BB6BEB /* ViewController.swift */; };
		28F9A3EC1C93CFB500BB6BEB /* Main.storyboard in Resources */ = {isa = PBXBuildFile; fileRef = 28F9A3EA1C93CFB500BB6BEB /* Main.storyboard */; };
		28F9A3EE1C93CFB500BB6BEB /* Assets.xcassets in Resources */ = {isa = PBXBuildFile; fileRef = 28F9A3ED1C93CFB500BB6BEB /* Assets.xcassets */; };
		28F9A3F11C93CFB500BB6BEB /* LaunchScreen.storyboard in Resources */ = {isa = PBXBuildFile; fileRef = 28F9A3EF1C93CFB500BB6BEB /* LaunchScreen.storyboard */; };
		28F9A3FC1C93CFB500BB6BEB /* malletTests.swift in Sources */ = {isa = PBXBuildFile; fileRef = 28F9A3FB1C93CFB500BB6BEB /* malletTests.swift */; };
		28F9A4071C93CFB500BB6BEB /* malletUITests.swift in Sources */ = {isa = PBXBuildFile; fileRef = 28F9A4061C93CFB500BB6BEB /* malletUITests.swift */; };
		28F9A4151C93F71300BB6BEB /* PeripheralManager.swift in Sources */ = {isa = PBXBuildFile; fileRef = 28F9A4141C93F71300BB6BEB /* PeripheralManager.swift */; };
/* End PBXBuildFile section */

/* Begin PBXContainerItemProxy section */
		28F9A3F81C93CFB500BB6BEB /* PBXContainerItemProxy */ = {
			isa = PBXContainerItemProxy;
			containerPortal = 28F9A3DB1C93CFB500BB6BEB /* Project object */;
			proxyType = 1;
			remoteGlobalIDString = 28F9A3E21C93CFB500BB6BEB;
			remoteInfo = mallet;
		};
		28F9A4031C93CFB500BB6BEB /* PBXContainerItemProxy */ = {
			isa = PBXContainerItemProxy;
			containerPortal = 28F9A3DB1C93CFB500BB6BEB /* Project object */;
			proxyType = 1;
			remoteGlobalIDString = 28F9A3E21C93CFB500BB6BEB;
			remoteInfo = mallet;
		};
/* End PBXContainerItemProxy section */

/* Begin PBXFileReference section */
		28F9A3E31C93CFB500BB6BEB /* mallet.app */ = {isa = PBXFileReference; explicitFileType = wrapper.application; includeInIndex = 0; path = mallet.app; sourceTree = BUILT_PRODUCTS_DIR; };
		28F9A3E61C93CFB500BB6BEB /* AppDelegate.swift */ = {isa = PBXFileReference; lastKnownFileType = sourcecode.swift; path = AppDelegate.swift; sourceTree = "<group>"; };
		28F9A3E81C93CFB500BB6BEB /* ViewController.swift */ = {isa = PBXFileReference; lastKnownFileType = sourcecode.swift; path = ViewController.swift; sourceTree = "<group>"; };
		28F9A3EB1C93CFB500BB6BEB /* Base */ = {isa = PBXFileReference; lastKnownFileType = file.storyboard; name = Base; path = Base.lproj/Main.storyboard; sourceTree = "<group>"; };
		28F9A3ED1C93CFB500BB6BEB /* Assets.xcassets */ = {isa = PBXFileReference; lastKnownFileType = folder.assetcatalog; path = Assets.xcassets; sourceTree = "<group>"; };
		28F9A3F01C93CFB500BB6BEB /* Base */ = {isa = PBXFileReference; lastKnownFileType = file.storyboard; name = Base; path = Base.lproj/LaunchScreen.storyboard; sourceTree = "<group>"; };
		28F9A3F21C93CFB500BB6BEB /* Info.plist */ = {isa = PBXFileReference; lastKnownFileType = text.plist.xml; path = Info.plist; sourceTree = "<group>"; };
		28F9A3F71C93CFB500BB6BEB /* malletTests.xctest */ = {isa = PBXFileReference; explicitFileType = wrapper.cfbundle; includeInIndex = 0; path = malletTests.xctest; sourceTree = BUILT_PRODUCTS_DIR; };
		28F9A3FB1C93CFB500BB6BEB /* malletTests.swift */ = {isa = PBXFileReference; lastKnownFileType = sourcecode.swift; path = malletTests.swift; sourceTree = "<group>"; };
		28F9A3FD1C93CFB500BB6BEB /* Info.plist */ = {isa = PBXFileReference; lastKnownFileType = text.plist.xml; path = Info.plist; sourceTree = "<group>"; };
		28F9A4021C93CFB500BB6BEB /* malletUITests.xctest */ = {isa = PBXFileReference; explicitFileType = wrapper.cfbundle; includeInIndex = 0; path = malletUITests.xctest; sourceTree = BUILT_PRODUCTS_DIR; };
		28F9A4061C93CFB500BB6BEB /* malletUITests.swift */ = {isa = PBXFileReference; lastKnownFileType = sourcecode.swift; path = malletUITests.swift; sourceTree = "<group>"; };
		28F9A4081C93CFB500BB6BEB /* Info.plist */ = {isa = PBXFileReference; lastKnownFileType = text.plist.xml; path = Info.plist; sourceTree = "<group>"; };
		28F9A4141C93F71300BB6BEB /* PeripheralManager.swift */ = {isa = PBXFileReference; fileEncoding = 4; lastKnownFileType = sourcecode.swift; path = PeripheralManager.swift; sourceTree = "<group>"; };
/* End PBXFileReference section */

/* Begin PBXFrameworksBuildPhase section */
		28F9A3E01C93CFB500BB6BEB /* Frameworks */ = {
			isa = PBXFrameworksBuildPhase;
			buildActionMask = 2147483647;
			files = (
			);
			runOnlyForDeploymentPostprocessing = 0;
		};
		28F9A3F41C93CFB500BB6BEB /* Frameworks */ = {
			isa = PBXFrameworksBuildPhase;
			buildActionMask = 2147483647;
			files = (
			);
			runOnlyForDeploymentPostprocessing = 0;
		};
		28F9A3FF1C93CFB500BB6BEB /* Frameworks */ = {
			isa = PBXFrameworksBuildPhase;
			buildActionMask = 2147483647;
			files = (
			);
			runOnlyForDeploymentPostprocessing = 0;
		};
/* End PBXFrameworksBuildPhase section */

/* Begin PBXGroup section */
		28F9A3DA1C93CFB500BB6BEB = {
			isa = PBXGroup;
			children = (
				28F9A3E51C93CFB500BB6BEB /* mallet */,
				28F9A3FA1C93CFB500BB6BEB /* malletTests */,
				28F9A4051C93CFB500BB6BEB /* malletUITests */,
				28F9A3E41C93CFB500BB6BEB /* Products */,
			);
			sourceTree = "<group>";
		};
		28F9A3E41C93CFB500BB6BEB /* Products */ = {
			isa = PBXGroup;
			children = (
				28F9A3E31C93CFB500BB6BEB /* mallet.app */,
				28F9A3F71C93CFB500BB6BEB /* malletTests.xctest */,
				28F9A4021C93CFB500BB6BEB /* malletUITests.xctest */,
			);
			name = Products;
			sourceTree = "<group>";
		};
		28F9A3E51C93CFB500BB6BEB /* mallet */ = {
			isa = PBXGroup;
			children = (
				28F9A3E61C93CFB500BB6BEB /* AppDelegate.swift */,
				28F9A3E81C93CFB500BB6BEB /* ViewController.swift */,
				28F9A3EA1C93CFB500BB6BEB /* Main.storyboard */,
				28F9A3ED1C93CFB500BB6BEB /* Assets.xcassets */,
				28F9A3EF1C93CFB500BB6BEB /* LaunchScreen.storyboard */,
				28F9A3F21C93CFB500BB6BEB /* Info.plist */,
				28F9A4141C93F71300BB6BEB /* PeripheralManager.swift */,
			);
			path = mallet;
			sourceTree = "<group>";
		};
		28F9A3FA1C93CFB500BB6BEB /* malletTests */ = {
			isa = PBXGroup;
			children = (
				28F9A3FB1C93CFB500BB6BEB /* malletTests.swift */,
				28F9A3FD1C93CFB500BB6BEB /* Info.plist */,
			);
			path = malletTests;
			sourceTree = "<group>";
		};
		28F9A4051C93CFB500BB6BEB /* malletUITests */ = {
			isa = PBXGroup;
			children = (
				28F9A4061C93CFB500BB6BEB /* malletUITests.swift */,
				28F9A4081C93CFB500BB6BEB /* Info.plist */,
			);
			path = malletUITests;
			sourceTree = "<group>";
		};
/* End PBXGroup section */

/* Begin PBXNativeTarget section */
		28F9A3E21C93CFB500BB6BEB /* mallet */ = {
			isa = PBXNativeTarget;
			buildConfigurationList = 28F9A40B1C93CFB500BB6BEB /* Build configuration list for PBXNativeTarget "mallet" */;
			buildPhases = (
				28F9A3DF1C93CFB500BB6BEB /* Sources */,
				28F9A3E01C93CFB500BB6BEB /* Frameworks */,
				28F9A3E11C93CFB500BB6BEB /* Resources */,
			);
			buildRules = (
			);
			dependencies = (
			);
			name = mallet;
			productName = mallet;
			productReference = 28F9A3E31C93CFB500BB6BEB /* mallet.app */;
			productType = "com.apple.product-type.application";
		};
		28F9A3F61C93CFB500BB6BEB /* malletTests */ = {
			isa = PBXNativeTarget;
			buildConfigurationList = 28F9A40E1C93CFB500BB6BEB /* Build configuration list for PBXNativeTarget "malletTests" */;
			buildPhases = (
				28F9A3F31C93CFB500BB6BEB /* Sources */,
				28F9A3F41C93CFB500BB6BEB /* Frameworks */,
				28F9A3F51C93CFB500BB6BEB /* Resources */,
			);
			buildRules = (
			);
			dependencies = (
				28F9A3F91C93CFB500BB6BEB /* PBXTargetDependency */,
			);
			name = malletTests;
			productName = malletTests;
			productReference = 28F9A3F71C93CFB500BB6BEB /* malletTests.xctest */;
			productType = "com.apple.product-type.bundle.unit-test";
		};
		28F9A4011C93CFB500BB6BEB /* malletUITests */ = {
			isa = PBXNativeTarget;
			buildConfigurationList = 28F9A4111C93CFB500BB6BEB /* Build configuration list for PBXNativeTarget "malletUITests" */;
			buildPhases = (
				28F9A3FE1C93CFB500BB6BEB /* Sources */,
				28F9A3FF1C93CFB500BB6BEB /* Frameworks */,
				28F9A4001C93CFB500BB6BEB /* Resources */,
			);
			buildRules = (
			);
			dependencies = (
				28F9A4041C93CFB500BB6BEB /* PBXTargetDependency */,
			);
			name = malletUITests;
			productName = malletUITests;
			productReference = 28F9A4021C93CFB500BB6BEB /* malletUITests.xctest */;
			productType = "com.apple.product-type.bundle.ui-testing";
		};
/* End PBXNativeTarget section */

/* Begin PBXProject section */
		28F9A3DB1C93CFB500BB6BEB /* Project object */ = {
			isa = PBXProject;
			attributes = {
				LastSwiftUpdateCheck = 0720;
				LastUpgradeCheck = 0720;
				ORGANIZATIONNAME = pettypay;
				TargetAttributes = {
					28F9A3E21C93CFB500BB6BEB = {
						CreatedOnToolsVersion = 7.2.1;
						DevelopmentTeam = EHY275UD66;
						SystemCapabilities = {
							com.apple.BackgroundModes = {
								enabled = 1;
							};
						};
					};
					28F9A3F61C93CFB500BB6BEB = {
						CreatedOnToolsVersion = 7.2.1;
						TestTargetID = 28F9A3E21C93CFB500BB6BEB;
					};
					28F9A4011C93CFB500BB6BEB = {
						CreatedOnToolsVersion = 7.2.1;
						TestTargetID = 28F9A3E21C93CFB500BB6BEB;
					};
				};
			};
			buildConfigurationList = 28F9A3DE1C93CFB500BB6BEB /* Build configuration list for PBXProject "mallet" */;
			compatibilityVersion = "Xcode 3.2";
			developmentRegion = English;
			hasScannedForEncodings = 0;
			knownRegions = (
				en,
				Base,
			);
			mainGroup = 28F9A3DA1C93CFB500BB6BEB;
			productRefGroup = 28F9A3E41C93CFB500BB6BEB /* Products */;
			projectDirPath = "";
			projectRoot = "";
			targets = (
				28F9A3E21C93CFB500BB6BEB /* mallet */,
				28F9A3F61C93CFB500BB6BEB /* malletTests */,
				28F9A4011C93CFB500BB6BEB /* malletUITests */,
			);
		};
/* End PBXProject section */

/* Begin PBXResourcesBuildPhase section */
		28F9A3E11C93CFB500BB6BEB /* Resources */ = {
			isa = PBXResourcesBuildPhase;
			buildActionMask = 2147483647;
			files = (
				28F9A3F11C93CFB500BB6BEB /* LaunchScreen.storyboard in Resources */,
				28F9A3EE1C93CFB500BB6BEB /* Assets.xcassets in Resources */,
				28F9A3EC1C93CFB500BB6BEB /* Main.storyboard in Resources */,
			);
			runOnlyForDeploymentPostprocessing = 0;
		};
		28F9A3F51C93CFB500BB6BEB /* Resources */ = {
			isa = PBXResourcesBuildPhase;
			buildActionMask = 2147483647;
			files = (
			);
			runOnlyForDeploymentPostprocessing = 0;
		};
		28F9A4001C93CFB500BB6BEB /* Resources */ = {
			isa = PBXResourcesBuildPhase;
			buildActionMask = 2147483647;
			files = (
			);
			runOnlyForDeploymentPostprocessing = 0;
		};
/* End PBXResourcesBuildPhase section */

/* Begin PBXSourcesBuildPhase section */
		28F9A3DF1C93CFB500BB6BEB /* Sources */ = {
			isa = PBXSourcesBuildPhase;
			buildActionMask = 2147483647;
			files = (
				28F9A4151C93F71300BB6BEB /* PeripheralManager.swift in Sources */,
				28F9A3E91C93CFB500BB6BEB /* ViewController.swift in Sources */,
				28F9A3E71C93CFB500BB6BEB /* AppDelegate.swift in Sources */,
			);
			runOnlyForDeploymentPostprocessing = 0;
		};
		28F9A3F31C93CFB500BB6BEB /* Sources */ = {
			isa = PBXSourcesBuildPhase;
			buildActionMask = 2147483647;
			files = (
				28F9A3FC1C93CFB500BB6BEB /* malletTests.swift in Sources */,
			);
			runOnlyForDeploymentPostprocessing = 0;
		};
		28F9A3FE1C93CFB500BB6BEB /* Sources */ = {
			isa = PBXSourcesBuildPhase;
			buildActionMask = 2147483647;
			files = (
				28F9A4071C93CFB500BB6BEB /* malletUITests.swift in Sources */,
			);
			runOnlyForDeploymentPostprocessing = 0;
		};
/* End PBXSourcesBuildPhase section */

/* Begin PBXTargetDependency section */
		28F9A3F91C93CFB500BB6BEB /* PBXTargetDependency */ = {
			isa = PBXTargetDependency;
			target = 28F9A3E21C93CFB500BB6BEB /* mallet */;
			targetProxy = 28F9A3F81C93CFB500BB6BEB /* PBXContainerItemProxy */;
		};
		28F9A4041C93CFB500BB6BEB /* PBXTargetDependency */ = {
			isa = PBXTargetDependency;
			target = 28F9A3E21C93CFB500BB6BEB /* mallet */;
			targetProxy = 28F9A4031C93CFB500BB6BEB /* PBXContainerItemProxy */;
		};
/* End PBXTargetDependency section */

/* Begin PBXVariantGroup section */
		28F9A3EA1C93CFB500BB6BEB /* Main.storyboard */ = {
			isa = PBXVariantGroup;
			children = (
				28F9A3EB1C93CFB500BB6BEB /* Base */,
			);
			name = Main.storyboard;
			sourceTree = "<group>";
		};
		28F9A3EF1C93CFB500BB6BEB /* LaunchScreen.storyboard */ = {
			isa = PBXVariantGroup;
			children = (
				28F9A3F01C93CFB500BB6BEB /* Base */,
			);
			name = LaunchScreen.storyboard;
			sourceTree = "<group>";
		};
/* End PBXVariantGroup section */

/* Begin XCBuildConfiguration section */
		28F9A4091C93CFB500BB6BEB /* Debug */ = {
			isa = XCBuildConfiguration;
			buildSettings = {
				ALWAYS_SEARCH_USER_PATHS = NO;
				CLANG_CXX_LANGUAGE_STANDARD = "gnu++0x";
				CLANG_CXX_LIBRARY = "libc++";
				CLANG_ENABLE_MODULES = YES;
				CLANG_ENABLE_OBJC_ARC = YES;
				CLANG_WARN_BOOL_CONVERSION = YES;
				CLANG_WARN_CONSTANT_CONVERSION = YES;
				CLANG_WARN_DIRECT_OBJC_ISA_USAGE = YES_ERROR;
				CLANG_WARN_EMPTY_BODY = YES;
				CLANG_WARN_ENUM_CONVERSION = YES;
				CLANG_WARN_INT_CONVERSION = YES;
				CLANG_WARN_OBJC_ROOT_CLASS = YES_ERROR;
				CLANG_WARN_UNREACHABLE_CODE = YES;
				CLANG_WARN__DUPLICATE_METHOD_MATCH = YES;
				"CODE_SIGN_IDENTITY[sdk=iphoneos*]" = "iPhone Developer";
				COPY_PHASE_STRIP = NO;
				DEBUG_INFORMATION_FORMAT = dwarf;
				ENABLE_STRICT_OBJC_MSGSEND = YES;
				ENABLE_TESTABILITY = YES;
				GCC_C_LANGUAGE_STANDARD = gnu99;
				GCC_DYNAMIC_NO_PIC = NO;
				GCC_NO_COMMON_BLOCKS = YES;
				GCC_OPTIMIZATION_LEVEL = 0;
				GCC_PREPROCESSOR_DEFINITIONS = (
					"DEBUG=1",
					"$(inherited)",
				);
				GCC_WARN_64_TO_32_BIT_CONVERSION = YES;
				GCC_WARN_ABOUT_RETURN_TYPE = YES_ERROR;
				GCC_WARN_UNDECLARED_SELECTOR = YES;
				GCC_WARN_UNINITIALIZED_AUTOS = YES_AGGRESSIVE;
				GCC_WARN_UNUSED_FUNCTION = YES;
				GCC_WARN_UNUSED_VARIABLE = YES;
				IPHONEOS_DEPLOYMENT_TARGET = 9.2;
				MTL_ENABLE_DEBUG_INFO = YES;
				ONLY_ACTIVE_ARCH = YES;
				SDKROOT = iphoneos;
				SWIFT_OPTIMIZATION_LEVEL = "-Onone";
			};
			name = Debug;
		};
		28F9A40A1C93CFB500BB6BEB /* Release */ = {
			isa = XCBuildConfiguration;
			buildSettings = {
				ALWAYS_SEARCH_USER_PATHS = NO;
				CLANG_CXX_LANGUAGE_STANDARD = "gnu++0x";
				CLANG_CXX_LIBRARY = "libc++";
				CLANG_ENABLE_MODULES = YES;
				CLANG_ENABLE_OBJC_ARC = YES;
				CLANG_WARN_BOOL_CONVERSION = YES;
				CLANG_WARN_CONSTANT_CONVERSION = YES;
				CLANG_WARN_DIRECT_OBJC_ISA_USAGE = YES_ERROR;
				CLANG_WARN_EMPTY_BODY = YES;
				CLANG_WARN_ENUM_CONVERSION = YES;
				CLANG_WARN_INT_CONVERSION = YES;
				CLANG_WARN_OBJC_ROOT_CLASS = YES_ERROR;
				CLANG_WARN_UNREACHABLE_CODE = YES;
				CLANG_WARN__DUPLICATE_METHOD_MATCH = YES;
				"CODE_SIGN_IDENTITY[sdk=iphoneos*]" = "iPhone Developer";
				COPY_PHASE_STRIP = NO;
				DEBUG_INFORMATION_FORMAT = "dwarf-with-dsym";
				ENABLE_NS_ASSERTIONS = NO;
				ENABLE_STRICT_OBJC_MSGSEND = YES;
				GCC_C_LANGUAGE_STANDARD = gnu99;
				GCC_NO_COMMON_BLOCKS = YES;
				GCC_WARN_64_TO_32_BIT_CONVERSION = YES;
				GCC_WARN_ABOUT_RETURN_TYPE = YES_ERROR;
				GCC_WARN_UNDECLARED_SELECTOR = YES;
				GCC_WARN_UNINITIALIZED_AUTOS = YES_AGGRESSIVE;
				GCC_WARN_UNUSED_FUNCTION = YES;
				GCC_WARN_UNUSED_VARIABLE = YES;
				IPHONEOS_DEPLOYMENT_TARGET = 9.2;
				MTL_ENABLE_DEBUG_INFO = NO;
				SDKROOT = iphoneos;
				VALIDATE_PRODUCT = YES;
			};
			name = Release;
		};
		28F9A40C1C93CFB500BB6BEB /* Debug */ = {
			isa = XCBuildConfiguration;
			buildSettings = {
				ASSETCATALOG_COMPILER_APPICON_NAME = AppIcon;
				CODE_SIGN_IDENTITY = "iPhone Developer";
				"CODE_SIGN_IDENTITY[sdk=iphoneos*]" = "iPhone Developer";
				INFOPLIST_FILE = mallet/Info.plist;
				LD_RUNPATH_SEARCH_PATHS = "$(inherited) @executable_path/Frameworks";
				PRODUCT_BUNDLE_IDENTIFIER = pettypay.mallet;
				PRODUCT_NAME = "$(TARGET_NAME)";
				PROVISIONING_PROFILE = "";
				TARGETED_DEVICE_FAMILY = 1;
			};
			name = Debug;
		};
		28F9A40D1C93CFB500BB6BEB /* Release */ = {
			isa = XCBuildConfiguration;
			buildSettings = {
				ASSETCATALOG_COMPILER_APPICON_NAME = AppIcon;
				CODE_SIGN_IDENTITY = "iPhone Developer";
				"CODE_SIGN_IDENTITY[sdk=iphoneos*]" = "iPhone Developer";
				INFOPLIST_FILE = mallet/Info.plist;
				LD_RUNPATH_SEARCH_PATHS = "$(inherited) @executable_path/Frameworks";
				PRODUCT_BUNDLE_IDENTIFIER = pettypay.mallet;
				PRODUCT_NAME = "$(TARGET_NAME)";
				PROVISIONING_PROFILE = "";
				TARGETED_DEVICE_FAMILY = 1;
			};
			name = Release;
		};
		28F9A40F1C93CFB500BB6BEB /* Debug */ = {
			isa = XCBuildConfiguration;
			buildSettings = {
				BUNDLE_LOADER = "$(TEST_HOST)";
				INFOPLIST_FILE = malletTests/Info.plist;
				LD_RUNPATH_SEARCH_PATHS = "$(inherited) @executable_path/Frameworks @loader_path/Frameworks";
				PRODUCT_BUNDLE_IDENTIFIER = pettypay.malletTests;
				PRODUCT_NAME = "$(TARGET_NAME)";
				TEST_HOST = "$(BUILT_PRODUCTS_DIR)/mallet.app/mallet";
			};
			name = Debug;
		};
		28F9A4101C93CFB500BB6BEB /* Release */ = {
			isa = XCBuildConfiguration;
			buildSettings = {
				BUNDLE_LOADER = "$(TEST_HOST)";
				INFOPLIST_FILE = malletTests/Info.plist;
				LD_RUNPATH_SEARCH_PATHS = "$(inherited) @executable_path/Frameworks @loader_path/Frameworks";
				PRODUCT_BUNDLE_IDENTIFIER = pettypay.malletTests;
				PRODUCT_NAME = "$(TARGET_NAME)";
				TEST_HOST = "$(BUILT_PRODUCTS_DIR)/mallet.app/mallet";
			};
			name = Release;
		};
		28F9A4121C93CFB500BB6BEB /* Debug */ = {
			isa = XCBuildConfiguration;
			buildSettings = {
				INFOPLIST_FILE = malletUITests/Info.plist;
				LD_RUNPATH_SEARCH_PATHS = "$(inherited) @executable_path/Frameworks @loader_path/Frameworks";
				PRODUCT_BUNDLE_IDENTIFIER = pettypay.malletUITests;
				PRODUCT_NAME = "$(TARGET_NAME)";
				TEST_TARGET_NAME = mallet;
				USES_XCTRUNNER = YES;
			};
			name = Debug;
		};
		28F9A4131C93CFB500BB6BEB /* Release */ = {
			isa = XCBuildConfiguration;
			buildSettings = {
				INFOPLIST_FILE = malletUITests/Info.plist;
				LD_RUNPATH_SEARCH_PATHS = "$(inherited) @executable_path/Frameworks @loader_path/Frameworks";
				PRODUCT_BUNDLE_IDENTIFIER = pettypay.malletUITests;
				PRODUCT_NAME = "$(TARGET_NAME)";
				TEST_TARGET_NAME = mallet;
				USES_XCTRUNNER = YES;
			};
			name = Release;
		};
/* End XCBuildConfiguration section */

/* Begin XCConfigurationList section */
		28F9A3DE1C93CFB500BB6BEB /* Build configuration list for PBXProject "mallet" */ = {
			isa = XCConfigurationList;
			buildConfigurations = (
				28F9A4091C93CFB500BB6BEB /* Debug */,
				28F9A40A1C93CFB500BB6BEB /* Release */,
			);
			defaultConfigurationIsVisible = 0;
			defaultConfigurationName = Release;
		};
		28F9A40B1C93CFB500BB6BEB /* Build configuration list for PBXNativeTarget "mallet" */ = {
			isa = XCConfigurationList;
			buildConfigurations = (
				28F9A40C1C93CFB500BB6BEB /* Debug */,
				28F9A40D1C93CFB500BB6BEB /* Release */,
			);
			defaultConfigurationIsVisible = 0;
		};
		28F9A40E1C93CFB500BB6BEB /* Build configuration list for PBXNativeTarget "malletTests" */ = {
			isa = XCConfigurationList;
			buildConfigurations = (
				28F9A40F1C93CFB500BB6BEB /* Debug */,
				28F9A4101C93CFB500BB6BEB /* Release */,
			);
			defaultConfigurationIsVisible = 0;
		};
		28F9A4111C93CFB500BB6BEB /* Build configuration list for PBXNativeTarget "malletUITests" */ = {
			isa = XCConfigurationList;
			buildConfigurations = (
				28F9A4121C93CFB500BB6BEB /* Debug */,
				28F9A4131C93CFB500BB6BEB /* Release */,
			);
			defaultConfigurationIsVisible = 0;
		};
/* End XCConfigurationList section */
	};
	rootObject = 28F9A3DB1C93CFB500BB6BEB /* Project object */;
}
